
Microsoft Visual Studio Solution File, Format Version 12.00
# Visual Studio Version 17
VisualStudioVersion = 17.14.36408.4 d17.14
MinimumVisualStudioVersion = 10.0.40219.1
Project("{FAE04EC0-301F-11D3-BF4B-00C04F79EFBC}") = "SISC", "SISC.csproj", "{BE5DDDE3-E832-4A87-A8F1-725C3E72F421}"
EndProject
Global
	GlobalSection(SolutionConfigurationPlatforms) = preSolution
		Debug|Any CPU = Debug|Any CPU
		Release|Any CPU = Release|Any CPU
	EndGlobalSection
	GlobalSection(ProjectConfigurationPlatforms) = postSolution
		{BE5DDDE3-E832-4A87-A8F1-725C3E72F421}.Debug|Any CPU.ActiveCfg = Debug|Any CPU
		{BE5DDDE3-E832-4A87-A8F1-725C3E72F421}.Debug|Any CPU.Build.0 = Debug|Any CPU
		{BE5DDDE3-E832-4A87-A8F1-725C3E72F421}.Release|Any CPU.ActiveCfg = Release|Any CPU
		{BE5DDDE3-E832-4A87-A8F1-725C3E72F421}.Release|Any CPU.Build.0 = Release|Any CPU
	EndGlobalSection
	GlobalSection(SolutionProperties) = preSolution
		HideSolutionNode = FALSE
	EndGlobalSection
	GlobalSection(ExtensibilityGlobals) = postSolution
		SolutionGuid = {857B8E9A-F52C-4EFF-92F8-D4F034554919}
	EndGlobalSection
EndGlobal
